
Microsoft Visual Studio Solution File, Format Version 12.00
# Visual Studio Version 17
VisualStudioVersion = 17.8.34511.84
MinimumVisualStudioVersion = 10.0.40219.1
Project("{54A90642-561A-4BB1-A94E-469ADEE60C69}") = "test", "Test\test.esproj", "{15D4CE9A-2221-4E9B-8A2C-986E9DDEBB6E}"
EndProject
Global
	GlobalSection(SolutionConfigurationPlatforms) = preSolution
		Debug|Any CPU = Debug|Any CPU
		Release|Any CPU = Release|Any CPU
	EndGlobalSection
	GlobalSection(ProjectConfigurationPlatforms) = postSolution
		{15D4CE9A-2221-4E9B-8A2C-986E9DDEBB6E}.Debug|Any CPU.ActiveCfg = Debug|Any CPU
		{15D4CE9A-2221-4E9B-8A2C-986E9DDEBB6E}.Debug|Any CPU.Build.0 = Debug|Any CPU
		{15D4CE9A-2221-4E9B-8A2C-986E9DDEBB6E}.Debug|Any CPU.Deploy.0 = Debug|Any CPU
		{15D4CE9A-2221-4E9B-8A2C-986E9DDEBB6E}.Release|Any CPU.ActiveCfg = Release|Any CPU
		{15D4CE9A-2221-4E9B-8A2C-986E9DDEBB6E}.Release|Any CPU.Build.0 = Release|Any CPU
		{15D4CE9A-2221-4E9B-8A2C-986E9DDEBB6E}.Release|Any CPU.Deploy.0 = Release|Any CPU
	EndGlobalSection
	GlobalSection(SolutionProperties) = preSolution
		HideSolutionNode = FALSE
	EndGlobalSection
	GlobalSection(ExtensibilityGlobals) = postSolution
		SolutionGuid = {017E7BE9-B04A-4BF6-A6AA-6570E1FC04D1}
	EndGlobalSection
EndGlobal
